
Microsoft Visual Studio Solution File, Format Version 12.00
# Visual Studio Version 17
VisualStudioVersion = 17.14.36616.10 d17.14
MinimumVisualStudioVersion = 10.0.40219.1
Project("{888888A0-9F3D-457C-B088-3A5042F75D52}") = "IKTpv25_3", "IKTpv25_3.pyproj", "{3B881228-91D6-4162-91BF-4BAF951C931A}"
EndProject
Global
	GlobalSection(SolutionConfigurationPlatforms) = preSolution
		Debug|Any CPU = Debug|Any CPU
		Release|Any CPU = Release|Any CPU
	EndGlobalSection
	GlobalSection(ProjectConfigurationPlatforms) = postSolution
		{3B881228-91D6-4162-91BF-4BAF951C931A}.Debug|Any CPU.ActiveCfg = Debug|Any CPU
		{3B881228-91D6-4162-91BF-4BAF951C931A}.Release|Any CPU.ActiveCfg = Release|Any CPU
	EndGlobalSection
	GlobalSection(SolutionProperties) = preSolution
		HideSolutionNode = FALSE
	EndGlobalSection
	GlobalSection(ExtensibilityGlobals) = postSolution
		SolutionGuid = {4684B442-CFA7-4B2F-B1AD-05078DD52AC7}
	EndGlobalSection
EndGlobal
